
Microsoft Visual Studio Solution File, Format Version 12.00
# Visual Studio Version 16
VisualStudioVersion = 16.0.32413.511
MinimumVisualStudioVersion = 10.0.40219.1
Project("{FAE04EC0-301F-11D3-BF4B-00C04F79EFBC}") = "aula2", "aula2\aula2.csproj", "{59A69D6D-9725-43CF-9322-CB7CCCE4CEFE}"
EndProject
Global
	GlobalSection(SolutionConfigurationPlatforms) = preSolution
		Debug|Any CPU = Debug|Any CPU
		Release|Any CPU = Release|Any CPU
	EndGlobalSection
	GlobalSection(ProjectConfigurationPlatforms) = postSolution
		{59A69D6D-9725-43CF-9322-CB7CCCE4CEFE}.Debug|Any CPU.ActiveCfg = Debug|Any CPU
		{59A69D6D-9725-43CF-9322-CB7CCCE4CEFE}.Debug|Any CPU.Build.0 = Debug|Any CPU
		{59A69D6D-9725-43CF-9322-CB7CCCE4CEFE}.Release|Any CPU.ActiveCfg = Release|Any CPU
		{59A69D6D-9725-43CF-9322-CB7CCCE4CEFE}.Release|Any CPU.Build.0 = Release|Any CPU
	EndGlobalSection
	GlobalSection(SolutionProperties) = preSolution
		HideSolutionNode = FALSE
	EndGlobalSection
	GlobalSection(ExtensibilityGlobals) = postSolution
		SolutionGuid = {F92E0170-3D10-4849-9434-5F0818B6989A}
	EndGlobalSection
EndGlobal
